// !$*UTF8*$!
{
	archiveVersion = 1;
	classes = {
	};
	objectVersion = 50;
	objects = {

/* Begin PBXBuildFile section */
		2848D6622560B69500CB8904 /* FriendsListTVC.swift in Sources */ = {isa = PBXBuildFile; fileRef = 2848D6612560B69500CB8904 /* FriendsListTVC.swift */; };
		2848D6652560B9D600CB8904 /* GroupsListTVC.swift in Sources */ = {isa = PBXBuildFile; fileRef = 2848D6642560B9D600CB8904 /* GroupsListTVC.swift */; };
		2848D6682560BA2500CB8904 /* GroupsListCell.swift in Sources */ = {isa = PBXBuildFile; fileRef = 2848D6672560BA2500CB8904 /* GroupsListCell.swift */; };
		2848D66B2560BC5F00CB8904 /* GroupsSelectionCell.swift in Sources */ = {isa = PBXBuildFile; fileRef = 2848D66A2560BC5F00CB8904 /* GroupsSelectionCell.swift */; };
		2848D66E2560BC8700CB8904 /* GroupsSelectionTVC.swift in Sources */ = {isa = PBXBuildFile; fileRef = 2848D66D2560BC8700CB8904 /* GroupsSelectionTVC.swift */; };
		2848D6712560C0BE00CB8904 /* TestVCwithTable.swift in Sources */ = {isa = PBXBuildFile; fileRef = 2848D6702560C0BE00CB8904 /* TestVCwithTable.swift */; };
		2848D6742560C22600CB8904 /* TestCellForVC&T.swift in Sources */ = {isa = PBXBuildFile; fileRef = 2848D6732560C22600CB8904 /* TestCellForVC&T.swift */; };
		2848D67A2561401800CB8904 /* GetFriends.swift in Sources */ = {isa = PBXBuildFile; fileRef = 2848D6792561401800CB8904 /* GetFriends.swift */; };
		2848D67E2561407A00CB8904 /* GetGroups.swift in Sources */ = {isa = PBXBuildFile; fileRef = 2848D67D2561407A00CB8904 /* GetGroups.swift */; };
		2848D68125624FE700CB8904 /* FriendsPhotosCCell.swift in Sources */ = {isa = PBXBuildFile; fileRef = 2848D68025624FE700CB8904 /* FriendsPhotosCCell.swift */; };
		2848D6842562501800CB8904 /* FriendsPhotosCVC.swift in Sources */ = {isa = PBXBuildFile; fileRef = 2848D6832562501800CB8904 /* FriendsPhotosCVC.swift */; };
		289B1DA2255ECBC10086815B /* TestDraw.swift in Sources */ = {isa = PBXBuildFile; fileRef = 289B1DA1255ECBC10086815B /* TestDraw.swift */; };
		28C4BA4C255D5A5E0036DF6B /* AppDelegate.swift in Sources */ = {isa = PBXBuildFile; fileRef = 28C4BA4B255D5A5E0036DF6B /* AppDelegate.swift */; };
		28C4BA4E255D5A5E0036DF6B /* SceneDelegate.swift in Sources */ = {isa = PBXBuildFile; fileRef = 28C4BA4D255D5A5E0036DF6B /* SceneDelegate.swift */; };
		28C4BA50255D5A5E0036DF6B /* LogInScrollViewVC.swift in Sources */ = {isa = PBXBuildFile; fileRef = 28C4BA4F255D5A5E0036DF6B /* LogInScrollViewVC.swift */; };
		28C4BA53255D5A5E0036DF6B /* Main.storyboard in Resources */ = {isa = PBXBuildFile; fileRef = 28C4BA51255D5A5E0036DF6B /* Main.storyboard */; };
		28C4BA55255D5A600036DF6B /* Assets.xcassets in Resources */ = {isa = PBXBuildFile; fileRef = 28C4BA54255D5A600036DF6B /* Assets.xcassets */; };
		28D2B8CB25635B4000F443C5 /* TestGuessNumVC.swift in Sources */ = {isa = PBXBuildFile; fileRef = 28D2B8CA25635B4000F443C5 /* TestGuessNumVC.swift */; };
		28D62A302563FBF600ACF9B5 /* Gradient.swift in Sources */ = {isa = PBXBuildFile; fileRef = 28D62A2F2563FBF600ACF9B5 /* Gradient.swift */; };
		28EAEB46255FA88300396CB7 /* Singlton.swift in Sources */ = {isa = PBXBuildFile; fileRef = 28EAEB45255FA88300396CB7 /* Singlton.swift */; };
		28EAEB4B2560B33B00396CB7 /* FriendsListCell.swift in Sources */ = {isa = PBXBuildFile; fileRef = 28EAEB4A2560B33B00396CB7 /* FriendsListCell.swift */; };
		28F00BE9255F94D1009C7416 /* RegistrationVC.swift in Sources */ = {isa = PBXBuildFile; fileRef = 28F00BE8255F94D1009C7416 /* RegistrationVC.swift */; };
		A11C369E25844960006B4DFD /* TestIntaractiveVC.swift in Sources */ = {isa = PBXBuildFile; fileRef = A11C369D25844960006B4DFD /* TestIntaractiveVC.swift */; };
		A11C36A12584B814006B4DFD /* TestMovingLinesVC.swift in Sources */ = {isa = PBXBuildFile; fileRef = A11C36A02584B814006B4DFD /* TestMovingLinesVC.swift */; };
		A134D8DE2580449200EC6351 /* InitialAnimation.swift in Sources */ = {isa = PBXBuildFile; fileRef = A134D8DD2580449200EC6351 /* InitialAnimation.swift */; };
		A148B36C2570A59D0046DE8E /* CVLayoutFlow.swift in Sources */ = {isa = PBXBuildFile; fileRef = A148B36B2570A59D0046DE8E /* CVLayoutFlow.swift */; };
		A148B36F2570A5D80046DE8E /* WeatherControl.swift in Sources */ = {isa = PBXBuildFile; fileRef = A148B36E2570A5D80046DE8E /* WeatherControl.swift */; };
		A153DE6E2571E66C00D469E0 /* NewsControls.swift in Sources */ = {isa = PBXBuildFile; fileRef = A153DE6D2571E66C00D469E0 /* NewsControls.swift */; };
		A153DF95257E1B2A001DC9BA /* TestAnimationsVC.swift in Sources */ = {isa = PBXBuildFile; fileRef = A153DF94257E1B2A001DC9BA /* TestAnimationsVC.swift */; };
		A17730912575F9FB00EA71DC /* NewsCVCell.swift in Sources */ = {isa = PBXBuildFile; fileRef = A177308F2575F9FB00EA71DC /* NewsCVCell.swift */; };
		A177309725760F2D00EA71DC /* NewsCVCCFlowLayout.swift in Sources */ = {isa = PBXBuildFile; fileRef = A177309625760F2D00EA71DC /* NewsCVCCFlowLayout.swift */; };
		A19BD119258850730037AE85 /* Session.swift in Sources */ = {isa = PBXBuildFile; fileRef = A19BD118258850730037AE85 /* Session.swift */; };
		A19DB302256FDE86007FCEB9 /* NewsCell.swift in Sources */ = {isa = PBXBuildFile; fileRef = A19DB300256FDE86007FCEB9 /* NewsCell.swift */; };
		A19DB306256FE528007FCEB9 /* AvatarView.swift in Sources */ = {isa = PBXBuildFile; fileRef = A19DB305256FE528007FCEB9 /* AvatarView.swift */; };
		A19DB3092570683F007FCEB9 /* SetUpBars.swift in Sources */ = {isa = PBXBuildFile; fileRef = A19DB3082570683F007FCEB9 /* SetUpBars.swift */; };
		A1B29CFC2581A36300AA907F /* FullScreenFriendVC.swift in Sources */ = {isa = PBXBuildFile; fileRef = A1B29CFB2581A36300AA907F /* FullScreenFriendVC.swift */; };
		A1B5A5A9257104C500419142 /* NewsTVC.swift in Sources */ = {isa = PBXBuildFile; fileRef = A1B5A5A8257104C500419142 /* NewsTVC.swift */; };
		A1B5A5AC257108EC00419142 /* GetNews.swift in Sources */ = {isa = PBXBuildFile; fileRef = A1B5A5AB257108EC00419142 /* GetNews.swift */; };
		A1B661B62585DD2300A12AF5 /* TransitionStartVC.swift in Sources */ = {isa = PBXBuildFile; fileRef = A1B661B52585DD2300A12AF5 /* TransitionStartVC.swift */; };
		A1B661B92585DD4A00A12AF5 /* TransitionEndVC.swift in Sources */ = {isa = PBXBuildFile; fileRef = A1B661B82585DD4A00A12AF5 /* TransitionEndVC.swift */; };
		A1B661BC2586EEEB00A12AF5 /* TransitionSimpleNavVC.swift in Sources */ = {isa = PBXBuildFile; fileRef = A1B661BB2586EEEB00A12AF5 /* TransitionSimpleNavVC.swift */; };
		A1B661BF2586F82600A12AF5 /* TransitionSegueAnimated.swift in Sources */ = {isa = PBXBuildFile; fileRef = A1B661BE2586F82600A12AF5 /* TransitionSegueAnimated.swift */; };
		A1B8A6762583050200407E48 /* Test3DAnimationsVC.swift in Sources */ = {isa = PBXBuildFile; fileRef = A1B8A6752583050200407E48 /* Test3DAnimationsVC.swift */; };
		A1C2E75A256E2E8600F044C6 /* CircleShadow.swift in Sources */ = {isa = PBXBuildFile; fileRef = A1C2E759256E2E8600F044C6 /* CircleShadow.swift */; };
		A1C2E75F256E79FE00F044C6 /* LikeControl.swift in Sources */ = {isa = PBXBuildFile; fileRef = A1C2E75E256E79FE00F044C6 /* LikeControl.swift */; };
		A1FDB0832581B5D500B895DB /* ProfoundNavigation.swift in Sources */ = {isa = PBXBuildFile; fileRef = A1FDB0822581B5D500B895DB /* ProfoundNavigation.swift */; };
		A1FDB0882581BF9100B895DB /* TestTransformationsVC.swift in Sources */ = {isa = PBXBuildFile; fileRef = A1FDB0872581BF9100B895DB /* TestTransformationsVC.swift */; };
		A1FDB08B2581C95100B895DB /* TestRunningCloud.swift in Sources */ = {isa = PBXBuildFile; fileRef = A1FDB08A2581C95100B895DB /* TestRunningCloud.swift */; };
/* End PBXBuildFile section */

/* Begin PBXFileReference section */
		2848D6612560B69500CB8904 /* FriendsListTVC.swift */ = {isa = PBXFileReference; lastKnownFileType = sourcecode.swift; path = FriendsListTVC.swift; sourceTree = "<group>"; };
		2848D6642560B9D600CB8904 /* GroupsListTVC.swift */ = {isa = PBXFileReference; lastKnownFileType = sourcecode.swift; path = GroupsListTVC.swift; sourceTree = "<group>"; };
		2848D6672560BA2500CB8904 /* GroupsListCell.swift */ = {isa = PBXFileReference; lastKnownFileType = sourcecode.swift; path = GroupsListCell.swift; sourceTree = "<group>"; };
		2848D66A2560BC5F00CB8904 /* GroupsSelectionCell.swift */ = {isa = PBXFileReference; lastKnownFileType = sourcecode.swift; path = GroupsSelectionCell.swift; sourceTree = "<group>"; };
		2848D66D2560BC8700CB8904 /* GroupsSelectionTVC.swift */ = {isa = PBXFileReference; lastKnownFileType = sourcecode.swift; path = GroupsSelectionTVC.swift; sourceTree = "<group>"; };
		2848D6702560C0BE00CB8904 /* TestVCwithTable.swift */ = {isa = PBXFileReference; lastKnownFileType = sourcecode.swift; path = TestVCwithTable.swift; sourceTree = "<group>"; };
		2848D6732560C22600CB8904 /* TestCellForVC&T.swift */ = {isa = PBXFileReference; lastKnownFileType = sourcecode.swift; path = "TestCellForVC&T.swift"; sourceTree = "<group>"; };
		2848D6792561401800CB8904 /* GetFriends.swift */ = {isa = PBXFileReference; lastKnownFileType = sourcecode.swift; path = GetFriends.swift; sourceTree = "<group>"; };
		2848D67D2561407A00CB8904 /* GetGroups.swift */ = {isa = PBXFileReference; lastKnownFileType = sourcecode.swift; path = GetGroups.swift; sourceTree = "<group>"; };
		2848D68025624FE700CB8904 /* FriendsPhotosCCell.swift */ = {isa = PBXFileReference; lastKnownFileType = sourcecode.swift; path = FriendsPhotosCCell.swift; sourceTree = "<group>"; };
		2848D6832562501800CB8904 /* FriendsPhotosCVC.swift */ = {isa = PBXFileReference; lastKnownFileType = sourcecode.swift; path = FriendsPhotosCVC.swift; sourceTree = "<group>"; };
		289B1DA1255ECBC10086815B /* TestDraw.swift */ = {isa = PBXFileReference; lastKnownFileType = sourcecode.swift; path = TestDraw.swift; sourceTree = "<group>"; };
		28C4BA48255D5A5E0036DF6B /* vk.app */ = {isa = PBXFileReference; explicitFileType = wrapper.application; includeInIndex = 0; path = vk.app; sourceTree = BUILT_PRODUCTS_DIR; };
		28C4BA4B255D5A5E0036DF6B /* AppDelegate.swift */ = {isa = PBXFileReference; lastKnownFileType = sourcecode.swift; path = AppDelegate.swift; sourceTree = "<group>"; };
		28C4BA4D255D5A5E0036DF6B /* SceneDelegate.swift */ = {isa = PBXFileReference; lastKnownFileType = sourcecode.swift; path = SceneDelegate.swift; sourceTree = "<group>"; };
		28C4BA4F255D5A5E0036DF6B /* LogInScrollViewVC.swift */ = {isa = PBXFileReference; lastKnownFileType = sourcecode.swift; path = LogInScrollViewVC.swift; sourceTree = "<group>"; };
		28C4BA52255D5A5E0036DF6B /* Base */ = {isa = PBXFileReference; lastKnownFileType = file.storyboard; name = Base; path = Base.lproj/Main.storyboard; sourceTree = "<group>"; };
		28C4BA54255D5A600036DF6B /* Assets.xcassets */ = {isa = PBXFileReference; lastKnownFileType = folder.assetcatalog; path = Assets.xcassets; sourceTree = "<group>"; };
		28C4BA59255D5A600036DF6B /* Info.plist */ = {isa = PBXFileReference; lastKnownFileType = text.plist.xml; path = Info.plist; sourceTree = "<group>"; };
		28D2B8CA25635B4000F443C5 /* TestGuessNumVC.swift */ = {isa = PBXFileReference; lastKnownFileType = sourcecode.swift; path = TestGuessNumVC.swift; sourceTree = "<group>"; };
		28D62A2F2563FBF600ACF9B5 /* Gradient.swift */ = {isa = PBXFileReference; lastKnownFileType = sourcecode.swift; path = Gradient.swift; sourceTree = "<group>"; };
		28EAEB45255FA88300396CB7 /* Singlton.swift */ = {isa = PBXFileReference; lastKnownFileType = sourcecode.swift; path = Singlton.swift; sourceTree = "<group>"; };
		28EAEB4A2560B33B00396CB7 /* FriendsListCell.swift */ = {isa = PBXFileReference; lastKnownFileType = sourcecode.swift; path = FriendsListCell.swift; sourceTree = "<group>"; };
		28F00BE8255F94D1009C7416 /* RegistrationVC.swift */ = {isa = PBXFileReference; lastKnownFileType = sourcecode.swift; path = RegistrationVC.swift; sourceTree = "<group>"; };
		A11C369D25844960006B4DFD /* TestIntaractiveVC.swift */ = {isa = PBXFileReference; lastKnownFileType = sourcecode.swift; path = TestIntaractiveVC.swift; sourceTree = "<group>"; };
		A11C36A02584B814006B4DFD /* TestMovingLinesVC.swift */ = {isa = PBXFileReference; lastKnownFileType = sourcecode.swift; path = TestMovingLinesVC.swift; sourceTree = "<group>"; };
		A134D8DD2580449200EC6351 /* InitialAnimation.swift */ = {isa = PBXFileReference; lastKnownFileType = sourcecode.swift; path = InitialAnimation.swift; sourceTree = "<group>"; };
		A148B36B2570A59D0046DE8E /* CVLayoutFlow.swift */ = {isa = PBXFileReference; lastKnownFileType = sourcecode.swift; path = CVLayoutFlow.swift; sourceTree = "<group>"; };
		A148B36E2570A5D80046DE8E /* WeatherControl.swift */ = {isa = PBXFileReference; lastKnownFileType = sourcecode.swift; path = WeatherControl.swift; sourceTree = "<group>"; };
		A153DE6D2571E66C00D469E0 /* NewsControls.swift */ = {isa = PBXFileReference; lastKnownFileType = sourcecode.swift; path = NewsControls.swift; sourceTree = "<group>"; };
		A153DF94257E1B2A001DC9BA /* TestAnimationsVC.swift */ = {isa = PBXFileReference; lastKnownFileType = sourcecode.swift; path = TestAnimationsVC.swift; sourceTree = "<group>"; };
		A177308F2575F9FB00EA71DC /* NewsCVCell.swift */ = {isa = PBXFileReference; lastKnownFileType = sourcecode.swift; path = NewsCVCell.swift; sourceTree = "<group>"; };
		A177309625760F2D00EA71DC /* NewsCVCCFlowLayout.swift */ = {isa = PBXFileReference; lastKnownFileType = sourcecode.swift; path = NewsCVCCFlowLayout.swift; sourceTree = "<group>"; };
		A19BD118258850730037AE85 /* Session.swift */ = {isa = PBXFileReference; lastKnownFileType = sourcecode.swift; path = Session.swift; sourceTree = "<group>"; };
		A19DB300256FDE86007FCEB9 /* NewsCell.swift */ = {isa = PBXFileReference; lastKnownFileType = sourcecode.swift; path = NewsCell.swift; sourceTree = "<group>"; };
		A19DB305256FE528007FCEB9 /* AvatarView.swift */ = {isa = PBXFileReference; lastKnownFileType = sourcecode.swift; path = AvatarView.swift; sourceTree = "<group>"; };
		A19DB3082570683F007FCEB9 /* SetUpBars.swift */ = {isa = PBXFileReference; lastKnownFileType = sourcecode.swift; path = SetUpBars.swift; sourceTree = "<group>"; };
		A1B29CFB2581A36300AA907F /* FullScreenFriendVC.swift */ = {isa = PBXFileReference; lastKnownFileType = sourcecode.swift; path = FullScreenFriendVC.swift; sourceTree = "<group>"; };
		A1B5A5A8257104C500419142 /* NewsTVC.swift */ = {isa = PBXFileReference; lastKnownFileType = sourcecode.swift; path = NewsTVC.swift; sourceTree = "<group>"; };
		A1B5A5AB257108EC00419142 /* GetNews.swift */ = {isa = PBXFileReference; lastKnownFileType = sourcecode.swift; path = GetNews.swift; sourceTree = "<group>"; };
		A1B661B52585DD2300A12AF5 /* TransitionStartVC.swift */ = {isa = PBXFileReference; lastKnownFileType = sourcecode.swift; path = TransitionStartVC.swift; sourceTree = "<group>"; };
		A1B661B82585DD4A00A12AF5 /* TransitionEndVC.swift */ = {isa = PBXFileReference; lastKnownFileType = sourcecode.swift; path = TransitionEndVC.swift; sourceTree = "<group>"; };
		A1B661BB2586EEEB00A12AF5 /* TransitionSimpleNavVC.swift */ = {isa = PBXFileReference; lastKnownFileType = sourcecode.swift; path = TransitionSimpleNavVC.swift; sourceTree = "<group>"; };
		A1B661BE2586F82600A12AF5 /* TransitionSegueAnimated.swift */ = {isa = PBXFileReference; lastKnownFileType = sourcecode.swift; path = TransitionSegueAnimated.swift; sourceTree = "<group>"; };
		A1B8A6752583050200407E48 /* Test3DAnimationsVC.swift */ = {isa = PBXFileReference; lastKnownFileType = sourcecode.swift; path = Test3DAnimationsVC.swift; sourceTree = "<group>"; };
		A1C2E759256E2E8600F044C6 /* CircleShadow.swift */ = {isa = PBXFileReference; lastKnownFileType = sourcecode.swift; path = CircleShadow.swift; sourceTree = "<group>"; };
		A1C2E75E256E79FE00F044C6 /* LikeControl.swift */ = {isa = PBXFileReference; lastKnownFileType = sourcecode.swift; path = LikeControl.swift; sourceTree = "<group>"; };
		A1FDB0822581B5D500B895DB /* ProfoundNavigation.swift */ = {isa = PBXFileReference; lastKnownFileType = sourcecode.swift; path = ProfoundNavigation.swift; sourceTree = "<group>"; };
		A1FDB0872581BF9100B895DB /* TestTransformationsVC.swift */ = {isa = PBXFileReference; lastKnownFileType = sourcecode.swift; path = TestTransformationsVC.swift; sourceTree = "<group>"; };
		A1FDB08A2581C95100B895DB /* TestRunningCloud.swift */ = {isa = PBXFileReference; lastKnownFileType = sourcecode.swift; path = TestRunningCloud.swift; sourceTree = "<group>"; };
/* End PBXFileReference section */

/* Begin PBXFrameworksBuildPhase section */
		28C4BA45255D5A5E0036DF6B /* Frameworks */ = {
			isa = PBXFrameworksBuildPhase;
			buildActionMask = 2147483647;
			files = (
			);
			runOnlyForDeploymentPostprocessing = 0;
		};
/* End PBXFrameworksBuildPhase section */

/* Begin PBXGroup section */
		2848D6762560CD5300CB8904 /* Playground */ = {
			isa = PBXGroup;
			children = (
				2848D6732560C22600CB8904 /* TestCellForVC&T.swift */,
				28D2B8CA25635B4000F443C5 /* TestGuessNumVC.swift */,
				289B1DA1255ECBC10086815B /* TestDraw.swift */,
				2848D6702560C0BE00CB8904 /* TestVCwithTable.swift */,
				A1B661B32585DA4000A12AF5 /* Transitions */,
				A1B661B22585D9ED00A12AF5 /* Animations */,
				A177308A2574D5A100EA71DC /* Weather */,
			);
			path = Playground;
			sourceTree = "<group>";
		};
		2848D67825613FC300CB8904 /* Model */ = {
			isa = PBXGroup;
			children = (
				28EAEB45255FA88300396CB7 /* Singlton.swift */,
				A19BD118258850730037AE85 /* Session.swift */,
				A1B5A5AB257108EC00419142 /* GetNews.swift */,
				2848D6792561401800CB8904 /* GetFriends.swift */,
				2848D67D2561407A00CB8904 /* GetGroups.swift */,
			);
			path = Model;
			sourceTree = "<group>";
		};
		289B1DA0255ECB7E0086815B /* OtherClasses */ = {
			isa = PBXGroup;
			children = (
				28D62A2F2563FBF600ACF9B5 /* Gradient.swift */,
				A19DB3082570683F007FCEB9 /* SetUpBars.swift */,
				A177309625760F2D00EA71DC /* NewsCVCCFlowLayout.swift */,
				A19DB305256FE528007FCEB9 /* AvatarView.swift */,
				A1C2E75E256E79FE00F044C6 /* LikeControl.swift */,
				A153DE6D2571E66C00D469E0 /* NewsControls.swift */,
				A1C2E759256E2E8600F044C6 /* CircleShadow.swift */,
			);
			path = OtherClasses;
			sourceTree = "<group>";
		};
		28C4BA3F255D5A5E0036DF6B = {
			isa = PBXGroup;
			children = (
				28C4BA4A255D5A5E0036DF6B /* vk */,
				28C4BA49255D5A5E0036DF6B /* Products */,
			);
			sourceTree = "<group>";
		};
		28C4BA49255D5A5E0036DF6B /* Products */ = {
			isa = PBXGroup;
			children = (
				28C4BA48255D5A5E0036DF6B /* vk.app */,
			);
			name = Products;
			sourceTree = "<group>";
		};
		28C4BA4A255D5A5E0036DF6B /* vk */ = {
			isa = PBXGroup;
			children = (
				28C4BA64255E19C90036DF6B /* Delegates */,
				2848D6762560CD5300CB8904 /* Playground */,
				2848D67825613FC300CB8904 /* Model */,
				28EAEB492560B2F500396CB7 /* Cells */,
				289B1DA0255ECB7E0086815B /* OtherClasses */,
				28C4BA66255E19E20036DF6B /* Controllers */,
				28C4BA51255D5A5E0036DF6B /* Main.storyboard */,
				28C4BA54255D5A600036DF6B /* Assets.xcassets */,
				28C4BA59255D5A600036DF6B /* Info.plist */,
			);
			path = vk;
			sourceTree = "<group>";
		};
		28C4BA64255E19C90036DF6B /* Delegates */ = {
			isa = PBXGroup;
			children = (
				28C4BA4B255D5A5E0036DF6B /* AppDelegate.swift */,
				28C4BA4D255D5A5E0036DF6B /* SceneDelegate.swift */,
			);
			path = Delegates;
			sourceTree = "<group>";
		};
		28C4BA66255E19E20036DF6B /* Controllers */ = {
			isa = PBXGroup;
			children = (
				A102F9212588A95E0049C61B /* CVC */,
				A1B661C125870C4C00A12AF5 /* VC */,
				A1B661C525870CFD00A12AF5 /* Transitions */,
				A1B661C425870CB500A12AF5 /* TVC */,
			);
			path = Controllers;
			sourceTree = "<group>";
		};
		28EAEB492560B2F500396CB7 /* Cells */ = {
			isa = PBXGroup;
			children = (
				28EAEB4A2560B33B00396CB7 /* FriendsListCell.swift */,
				A19DB300256FDE86007FCEB9 /* NewsCell.swift */,
				A177308F2575F9FB00EA71DC /* NewsCVCell.swift */,
				2848D66A2560BC5F00CB8904 /* GroupsSelectionCell.swift */,
				2848D68025624FE700CB8904 /* FriendsPhotosCCell.swift */,
				2848D6672560BA2500CB8904 /* GroupsListCell.swift */,
			);
			path = Cells;
			sourceTree = "<group>";
		};
		A102F9212588A95E0049C61B /* CVC */ = {
			isa = PBXGroup;
			children = (
				2848D6832562501800CB8904 /* FriendsPhotosCVC.swift */,
			);
			path = CVC;
			sourceTree = "<group>";
		};
		A177308A2574D5A100EA71DC /* Weather */ = {
			isa = PBXGroup;
			children = (
				A148B36E2570A5D80046DE8E /* WeatherControl.swift */,
				A148B36B2570A59D0046DE8E /* CVLayoutFlow.swift */,
			);
			path = Weather;
			sourceTree = "<group>";
		};
		A1B661B22585D9ED00A12AF5 /* Animations */ = {
			isa = PBXGroup;
			children = (
				A1FDB08A2581C95100B895DB /* TestRunningCloud.swift */,
				A1B8A6752583050200407E48 /* Test3DAnimationsVC.swift */,
				A153DF94257E1B2A001DC9BA /* TestAnimationsVC.swift */,
				A11C369D25844960006B4DFD /* TestIntaractiveVC.swift */,
				A11C36A02584B814006B4DFD /* TestMovingLinesVC.swift */,
				A1FDB0872581BF9100B895DB /* TestTransformationsVC.swift */,
			);
			path = Animations;
			sourceTree = "<group>";
		};
		A1B661B32585DA4000A12AF5 /* Transitions */ = {
			isa = PBXGroup;
			children = (
				A1B661B52585DD2300A12AF5 /* TransitionStartVC.swift */,
				A1B661B82585DD4A00A12AF5 /* TransitionEndVC.swift */,
			);
			path = Transitions;
			sourceTree = "<group>";
		};
		A1B661C125870C4C00A12AF5 /* VC */ = {
			isa = PBXGroup;
			children = (
				28C4BA4F255D5A5E0036DF6B /* LogInScrollViewVC.swift */,
				28F00BE8255F94D1009C7416 /* RegistrationVC.swift */,
				A134D8DD2580449200EC6351 /* InitialAnimation.swift */,
				A1B29CFB2581A36300AA907F /* FullScreenFriendVC.swift */,
			);
			path = VC;
			sourceTree = "<group>";
		};
		A1B661C425870CB500A12AF5 /* TVC */ = {
			isa = PBXGroup;
			children = (
				2848D66D2560BC8700CB8904 /* GroupsSelectionTVC.swift */,
				2848D6642560B9D600CB8904 /* GroupsListTVC.swift */,
				A1B5A5A8257104C500419142 /* NewsTVC.swift */,
				2848D6612560B69500CB8904 /* FriendsListTVC.swift */,
			);
			path = TVC;
			sourceTree = "<group>";
		};
		A1B661C525870CFD00A12AF5 /* Transitions */ = {
			isa = PBXGroup;
			children = (
				A1FDB0822581B5D500B895DB /* ProfoundNavigation.swift */,
				A1B661BB2586EEEB00A12AF5 /* TransitionSimpleNavVC.swift */,
				A1B661BE2586F82600A12AF5 /* TransitionSegueAnimated.swift */,
			);
			path = Transitions;
			sourceTree = "<group>";
		};
/* End PBXGroup section */

/* Begin PBXNativeTarget section */
		28C4BA47255D5A5E0036DF6B /* vk */ = {
			isa = PBXNativeTarget;
			buildConfigurationList = 28C4BA5C255D5A600036DF6B /* Build configuration list for PBXNativeTarget "vk" */;
			buildPhases = (
				28C4BA44255D5A5E0036DF6B /* Sources */,
				28C4BA45255D5A5E0036DF6B /* Frameworks */,
				28C4BA46255D5A5E0036DF6B /* Resources */,
			);
			buildRules = (
			);
			dependencies = (
			);
			name = vk;
			productName = vk;
			productReference = 28C4BA48255D5A5E0036DF6B /* vk.app */;
			productType = "com.apple.product-type.application";
		};
/* End PBXNativeTarget section */

/* Begin PBXProject section */
		28C4BA40255D5A5E0036DF6B /* Project object */ = {
			isa = PBXProject;
			attributes = {
				LastSwiftUpdateCheck = 1210;
				LastUpgradeCheck = 1210;
				TargetAttributes = {
					28C4BA47255D5A5E0036DF6B = {
						CreatedOnToolsVersion = 12.1;
					};
				};
			};
			buildConfigurationList = 28C4BA43255D5A5E0036DF6B /* Build configuration list for PBXProject "vk" */;
			compatibilityVersion = "Xcode 9.3";
			developmentRegion = en;
			hasScannedForEncodings = 0;
			knownRegions = (
				en,
				Base,
			);
			mainGroup = 28C4BA3F255D5A5E0036DF6B;
			productRefGroup = 28C4BA49255D5A5E0036DF6B /* Products */;
			projectDirPath = "";
			projectRoot = "";
			targets = (
				28C4BA47255D5A5E0036DF6B /* vk */,
			);
		};
/* End PBXProject section */

/* Begin PBXResourcesBuildPhase section */
		28C4BA46255D5A5E0036DF6B /* Resources */ = {
			isa = PBXResourcesBuildPhase;
			buildActionMask = 2147483647;
			files = (
				28C4BA55255D5A600036DF6B /* Assets.xcassets in Resources */,
				28C4BA53255D5A5E0036DF6B /* Main.storyboard in Resources */,
			);
			runOnlyForDeploymentPostprocessing = 0;
		};
/* End PBXResourcesBuildPhase section */

/* Begin PBXSourcesBuildPhase section */
		28C4BA44255D5A5E0036DF6B /* Sources */ = {
			isa = PBXSourcesBuildPhase;
			buildActionMask = 2147483647;
			files = (
				A1FDB0832581B5D500B895DB /* ProfoundNavigation.swift in Sources */,
				2848D6652560B9D600CB8904 /* GroupsListTVC.swift in Sources */,
				A1B661B62585DD2300A12AF5 /* TransitionStartVC.swift in Sources */,
				28C4BA50255D5A5E0036DF6B /* LogInScrollViewVC.swift in Sources */,
				28C4BA4C255D5A5E0036DF6B /* AppDelegate.swift in Sources */,
				A148B36F2570A5D80046DE8E /* WeatherControl.swift in Sources */,
				A19DB3092570683F007FCEB9 /* SetUpBars.swift in Sources */,
				A177309725760F2D00EA71DC /* NewsCVCCFlowLayout.swift in Sources */,
				28C4BA4E255D5A5E0036DF6B /* SceneDelegate.swift in Sources */,
				A1B5A5AC257108EC00419142 /* GetNews.swift in Sources */,
				A1FDB08B2581C95100B895DB /* TestRunningCloud.swift in Sources */,
				A1B661BF2586F82600A12AF5 /* TransitionSegueAnimated.swift in Sources */,
				A19DB302256FDE86007FCEB9 /* NewsCell.swift in Sources */,
				A1B661B92585DD4A00A12AF5 /* TransitionEndVC.swift in Sources */,
				2848D67A2561401800CB8904 /* GetFriends.swift in Sources */,
				2848D6622560B69500CB8904 /* FriendsListTVC.swift in Sources */,
				2848D6682560BA2500CB8904 /* GroupsListCell.swift in Sources */,
				2848D66E2560BC8700CB8904 /* GroupsSelectionTVC.swift in Sources */,
				A134D8DE2580449200EC6351 /* InitialAnimation.swift in Sources */,
				A1FDB0882581BF9100B895DB /* TestTransformationsVC.swift in Sources */,
				A1C2E75F256E79FE00F044C6 /* LikeControl.swift in Sources */,
				28F00BE9255F94D1009C7416 /* RegistrationVC.swift in Sources */,
				2848D6712560C0BE00CB8904 /* TestVCwithTable.swift in Sources */,
				A153DF95257E1B2A001DC9BA /* TestAnimationsVC.swift in Sources */,
				A1B8A6762583050200407E48 /* Test3DAnimationsVC.swift in Sources */,
				A1B5A5A9257104C500419142 /* NewsTVC.swift in Sources */,
				2848D67E2561407A00CB8904 /* GetGroups.swift in Sources */,
				A19DB306256FE528007FCEB9 /* AvatarView.swift in Sources */,
				289B1DA2255ECBC10086815B /* TestDraw.swift in Sources */,
				28D2B8CB25635B4000F443C5 /* TestGuessNumVC.swift in Sources */,
				A1C2E75A256E2E8600F044C6 /* CircleShadow.swift in Sources */,
				A148B36C2570A59D0046DE8E /* CVLayoutFlow.swift in Sources */,
				2848D66B2560BC5F00CB8904 /* GroupsSelectionCell.swift in Sources */,
				2848D6842562501800CB8904 /* FriendsPhotosCVC.swift in Sources */,
				28D62A302563FBF600ACF9B5 /* Gradient.swift in Sources */,
				28EAEB4B2560B33B00396CB7 /* FriendsListCell.swift in Sources */,
				2848D6742560C22600CB8904 /* TestCellForVC&T.swift in Sources */,
				A1B29CFC2581A36300AA907F /* FullScreenFriendVC.swift in Sources */,
				A1B661BC2586EEEB00A12AF5 /* TransitionSimpleNavVC.swift in Sources */,
				2848D68125624FE700CB8904 /* FriendsPhotosCCell.swift in Sources */,
				A17730912575F9FB00EA71DC /* NewsCVCell.swift in Sources */,
				A11C369E25844960006B4DFD /* TestIntaractiveVC.swift in Sources */,
				A19BD119258850730037AE85 /* Session.swift in Sources */,
				A11C36A12584B814006B4DFD /* TestMovingLinesVC.swift in Sources */,
				A153DE6E2571E66C00D469E0 /* NewsControls.swift in Sources */,
				28EAEB46255FA88300396CB7 /* Singlton.swift in Sources */,
			);
			runOnlyForDeploymentPostprocessing = 0;
		};
/* End PBXSourcesBuildPhase section */

/* Begin PBXVariantGroup section */
		28C4BA51255D5A5E0036DF6B /* Main.storyboard */ = {
			isa = PBXVariantGroup;
			children = (
				28C4BA52255D5A5E0036DF6B /* Base */,
			);
			name = Main.storyboard;
			sourceTree = "<group>";
		};
/* End PBXVariantGroup section */

/* Begin XCBuildConfiguration section */
		28C4BA5A255D5A600036DF6B /* Debug */ = {
			isa = XCBuildConfiguration;
			buildSettings = {
				ALWAYS_SEARCH_USER_PATHS = NO;
				CLANG_ANALYZER_NONNULL = YES;
				CLANG_ANALYZER_NUMBER_OBJECT_CONVERSION = YES_AGGRESSIVE;
				CLANG_CXX_LANGUAGE_STANDARD = "gnu++14";
				CLANG_CXX_LIBRARY = "libc++";
				CLANG_ENABLE_MODULES = YES;
				CLANG_ENABLE_OBJC_ARC = YES;
				CLANG_ENABLE_OBJC_WEAK = YES;
				CLANG_WARN_BLOCK_CAPTURE_AUTORELEASING = YES;
				CLANG_WARN_BOOL_CONVERSION = YES;
				CLANG_WARN_COMMA = YES;
				CLANG_WARN_CONSTANT_CONVERSION = YES;
				CLANG_WARN_DEPRECATED_OBJC_IMPLEMENTATIONS = YES;
				CLANG_WARN_DIRECT_OBJC_ISA_USAGE = YES_ERROR;
				CLANG_WARN_DOCUMENTATION_COMMENTS = YES;
				CLANG_WARN_EMPTY_BODY = YES;
				CLANG_WARN_ENUM_CONVERSION = YES;
				CLANG_WARN_INFINITE_RECURSION = YES;
				CLANG_WARN_INT_CONVERSION = YES;
				CLANG_WARN_NON_LITERAL_NULL_CONVERSION = YES;
				CLANG_WARN_OBJC_IMPLICIT_RETAIN_SELF = YES;
				CLANG_WARN_OBJC_LITERAL_CONVERSION = YES;
				CLANG_WARN_OBJC_ROOT_CLASS = YES_ERROR;
				CLANG_WARN_QUOTED_INCLUDE_IN_FRAMEWORK_HEADER = YES;
				CLANG_WARN_RANGE_LOOP_ANALYSIS = YES;
				CLANG_WARN_STRICT_PROTOTYPES = YES;
				CLANG_WARN_SUSPICIOUS_MOVE = YES;
				CLANG_WARN_UNGUARDED_AVAILABILITY = YES_AGGRESSIVE;
				CLANG_WARN_UNREACHABLE_CODE = YES;
				CLANG_WARN__DUPLICATE_METHOD_MATCH = YES;
				COPY_PHASE_STRIP = NO;
				DEBUG_INFORMATION_FORMAT = dwarf;
				ENABLE_STRICT_OBJC_MSGSEND = YES;
				ENABLE_TESTABILITY = YES;
				GCC_C_LANGUAGE_STANDARD = gnu11;
				GCC_DYNAMIC_NO_PIC = NO;
				GCC_NO_COMMON_BLOCKS = YES;
				GCC_OPTIMIZATION_LEVEL = 0;
				GCC_PREPROCESSOR_DEFINITIONS = (
					"DEBUG=1",
					"$(inherited)",
				);
				GCC_WARN_64_TO_32_BIT_CONVERSION = YES;
				GCC_WARN_ABOUT_RETURN_TYPE = YES_ERROR;
				GCC_WARN_UNDECLARED_SELECTOR = YES;
				GCC_WARN_UNINITIALIZED_AUTOS = YES_AGGRESSIVE;
				GCC_WARN_UNUSED_FUNCTION = YES;
				GCC_WARN_UNUSED_VARIABLE = YES;
				IPHONEOS_DEPLOYMENT_TARGET = 14.1;
				MTL_ENABLE_DEBUG_INFO = INCLUDE_SOURCE;
				MTL_FAST_MATH = YES;
				ONLY_ACTIVE_ARCH = YES;
				SDKROOT = iphoneos;
				SWIFT_ACTIVE_COMPILATION_CONDITIONS = DEBUG;
				SWIFT_OPTIMIZATION_LEVEL = "-Onone";
			};
			name = Debug;
		};
		28C4BA5B255D5A600036DF6B /* Release */ = {
			isa = XCBuildConfiguration;
			buildSettings = {
				ALWAYS_SEARCH_USER_PATHS = NO;
				CLANG_ANALYZER_NONNULL = YES;
				CLANG_ANALYZER_NUMBER_OBJECT_CONVERSION = YES_AGGRESSIVE;
				CLANG_CXX_LANGUAGE_STANDARD = "gnu++14";
				CLANG_CXX_LIBRARY = "libc++";
				CLANG_ENABLE_MODULES = YES;
				CLANG_ENABLE_OBJC_ARC = YES;
				CLANG_ENABLE_OBJC_WEAK = YES;
				CLANG_WARN_BLOCK_CAPTURE_AUTORELEASING = YES;
				CLANG_WARN_BOOL_CONVERSION = YES;
				CLANG_WARN_COMMA = YES;
				CLANG_WARN_CONSTANT_CONVERSION = YES;
				CLANG_WARN_DEPRECATED_OBJC_IMPLEMENTATIONS = YES;
				CLANG_WARN_DIRECT_OBJC_ISA_USAGE = YES_ERROR;
				CLANG_WARN_DOCUMENTATION_COMMENTS = YES;
				CLANG_WARN_EMPTY_BODY = YES;
				CLANG_WARN_ENUM_CONVERSION = YES;
				CLANG_WARN_INFINITE_RECURSION = YES;
				CLANG_WARN_INT_CONVERSION = YES;
				CLANG_WARN_NON_LITERAL_NULL_CONVERSION = YES;
				CLANG_WARN_OBJC_IMPLICIT_RETAIN_SELF = YES;
				CLANG_WARN_OBJC_LITERAL_CONVERSION = YES;
				CLANG_WARN_OBJC_ROOT_CLASS = YES_ERROR;
				CLANG_WARN_QUOTED_INCLUDE_IN_FRAMEWORK_HEADER = YES;
				CLANG_WARN_RANGE_LOOP_ANALYSIS = YES;
				CLANG_WARN_STRICT_PROTOTYPES = YES;
				CLANG_WARN_SUSPICIOUS_MOVE = YES;
				CLANG_WARN_UNGUARDED_AVAILABILITY = YES_AGGRESSIVE;
				CLANG_WARN_UNREACHABLE_CODE = YES;
				CLANG_WARN__DUPLICATE_METHOD_MATCH = YES;
				COPY_PHASE_STRIP = NO;
				DEBUG_INFORMATION_FORMAT = "dwarf-with-dsym";
				ENABLE_NS_ASSERTIONS = NO;
				ENABLE_STRICT_OBJC_MSGSEND = YES;
				GCC_C_LANGUAGE_STANDARD = gnu11;
				GCC_NO_COMMON_BLOCKS = YES;
				GCC_WARN_64_TO_32_BIT_CONVERSION = YES;
				GCC_WARN_ABOUT_RETURN_TYPE = YES_ERROR;
				GCC_WARN_UNDECLARED_SELECTOR = YES;
				GCC_WARN_UNINITIALIZED_AUTOS = YES_AGGRESSIVE;
				GCC_WARN_UNUSED_FUNCTION = YES;
				GCC_WARN_UNUSED_VARIABLE = YES;
				IPHONEOS_DEPLOYMENT_TARGET = 14.1;
				MTL_ENABLE_DEBUG_INFO = NO;
				MTL_FAST_MATH = YES;
				SDKROOT = iphoneos;
				SWIFT_COMPILATION_MODE = wholemodule;
				SWIFT_OPTIMIZATION_LEVEL = "-O";
				VALIDATE_PRODUCT = YES;
			};
			name = Release;
		};
		28C4BA5D255D5A600036DF6B /* Debug */ = {
			isa = XCBuildConfiguration;
			buildSettings = {
				ASSETCATALOG_COMPILER_APPICON_NAME = AppIcon;
				ASSETCATALOG_COMPILER_GLOBAL_ACCENT_COLOR_NAME = AccentColor;
				CODE_SIGN_STYLE = Automatic;
				DEVELOPMENT_TEAM = 7W94Y2J452;
				INFOPLIST_FILE = vk/Info.plist;
				LD_RUNPATH_SEARCH_PATHS = (
					"$(inherited)",
					"@executable_path/Frameworks",
				);
				PRODUCT_BUNDLE_IDENTIFIER = "dsvil.vk-new";
				PRODUCT_NAME = "$(TARGET_NAME)";
				SWIFT_VERSION = 5.0;
				TARGETED_DEVICE_FAMILY = 1;
			};
			name = Debug;
		};
		28C4BA5E255D5A600036DF6B /* Release */ = {
			isa = XCBuildConfiguration;
			buildSettings = {
				ASSETCATALOG_COMPILER_APPICON_NAME = AppIcon;
				ASSETCATALOG_COMPILER_GLOBAL_ACCENT_COLOR_NAME = AccentColor;
				CODE_SIGN_STYLE = Automatic;
				DEVELOPMENT_TEAM = 7W94Y2J452;
				INFOPLIST_FILE = vk/Info.plist;
				LD_RUNPATH_SEARCH_PATHS = (
					"$(inherited)",
					"@executable_path/Frameworks",
				);
				PRODUCT_BUNDLE_IDENTIFIER = "dsvil.vk-new";
				PRODUCT_NAME = "$(TARGET_NAME)";
				SWIFT_VERSION = 5.0;
				TARGETED_DEVICE_FAMILY = 1;
			};
			name = Release;
		};
/* End XCBuildConfiguration section */

/* Begin XCConfigurationList section */
		28C4BA43255D5A5E0036DF6B /* Build configuration list for PBXProject "vk" */ = {
			isa = XCConfigurationList;
			buildConfigurations = (
				28C4BA5A255D5A600036DF6B /* Debug */,
				28C4BA5B255D5A600036DF6B /* Release */,
			);
			defaultConfigurationIsVisible = 0;
			defaultConfigurationName = Release;
		};
		28C4BA5C255D5A600036DF6B /* Build configuration list for PBXNativeTarget "vk" */ = {
			isa = XCConfigurationList;
			buildConfigurations = (
				28C4BA5D255D5A600036DF6B /* Debug */,
				28C4BA5E255D5A600036DF6B /* Release */,
			);
			defaultConfigurationIsVisible = 0;
			defaultConfigurationName = Release;
		};
/* End XCConfigurationList section */
	};
	rootObject = 28C4BA40255D5A5E0036DF6B /* Project object */;
}
